// !$*UTF8*$!
{
	archiveVersion = 1;
	classes = {
	};
	objectVersion = 55;
	objects = {

/* Begin PBXBuildFile section */
		CB2CA3C828C9E54C0014627E /* AppDelegate.swift in Sources */ = {isa = PBXBuildFile; fileRef = CB2CA3C728C9E54C0014627E /* AppDelegate.swift */; };
		CB2CA3CA28C9E54C0014627E /* SceneDelegate.swift in Sources */ = {isa = PBXBuildFile; fileRef = CB2CA3C928C9E54C0014627E /* SceneDelegate.swift */; };
		CB2CA3CC28C9E54C0014627E /* ViewController.swift in Sources */ = {isa = PBXBuildFile; fileRef = CB2CA3CB28C9E54C0014627E /* ViewController.swift */; };
		CB2CA3CF28C9E54C0014627E /* Main.storyboard in Resources */ = {isa = PBXBuildFile; fileRef = CB2CA3CD28C9E54C0014627E /* Main.storyboard */; };
		CB2CA3D128C9E54F0014627E /* Assets.xcassets in Resources */ = {isa = PBXBuildFile; fileRef = CB2CA3D028C9E54F0014627E /* Assets.xcassets */; };
		CB2CA3D428C9E54F0014627E /* LaunchScreen.storyboard in Resources */ = {isa = PBXBuildFile; fileRef = CB2CA3D228C9E54F0014627E /* LaunchScreen.storyboard */; };
		CB2CA3DC28C9E59C0014627E /* SecondViewController.swift in Sources */ = {isa = PBXBuildFile; fileRef = CB2CA3DB28C9E59C0014627E /* SecondViewController.swift */; };
/* End PBXBuildFile section */

/* Begin PBXFileReference section */
		CB2CA3C428C9E54C0014627E /* FMSS Bilisim Ilk Odev.app */ = {isa = PBXFileReference; explicitFileType = wrapper.application; includeInIndex = 0; path = "FMSS Bilisim Ilk Odev.app"; sourceTree = BUILT_PRODUCTS_DIR; };
		CB2CA3C728C9E54C0014627E /* AppDelegate.swift */ = {isa = PBXFileReference; lastKnownFileType = sourcecode.swift; path = AppDelegate.swift; sourceTree = "<group>"; };
		CB2CA3C928C9E54C0014627E /* SceneDelegate.swift */ = {isa = PBXFileReference; lastKnownFileType = sourcecode.swift; path = SceneDelegate.swift; sourceTree = "<group>"; };
		CB2CA3CB28C9E54C0014627E /* ViewController.swift */ = {isa = PBXFileReference; lastKnownFileType = sourcecode.swift; path = ViewController.swift; sourceTree = "<group>"; };
		CB2CA3CE28C9E54C0014627E /* Base */ = {isa = PBXFileReference; lastKnownFileType = file.storyboard; name = Base; path = Base.lproj/Main.storyboard; sourceTree = "<group>"; };
		CB2CA3D028C9E54F0014627E /* Assets.xcassets */ = {isa = PBXFileReference; lastKnownFileType = folder.assetcatalog; path = Assets.xcassets; sourceTree = "<group>"; };
		CB2CA3D328C9E54F0014627E /* Base */ = {isa = PBXFileReference; lastKnownFileType = file.storyboard; name = Base; path = Base.lproj/LaunchScreen.storyboard; sourceTree = "<group>"; };
		CB2CA3D528C9E54F0014627E /* Info.plist */ = {isa = PBXFileReference; lastKnownFileType = text.plist.xml; path = Info.plist; sourceTree = "<group>"; };
		CB2CA3DB28C9E59C0014627E /* SecondViewController.swift */ = {isa = PBXFileReference; lastKnownFileType = sourcecode.swift; path = SecondViewController.swift; sourceTree = "<group>"; };
/* End PBXFileReference section */

/* Begin PBXFrameworksBuildPhase section */
		CB2CA3C128C9E54C0014627E /* Frameworks */ = {
			isa = PBXFrameworksBuildPhase;
			buildActionMask = 2147483647;
			files = (
			);
			runOnlyForDeploymentPostprocessing = 0;
		};
/* End PBXFrameworksBuildPhase section */

/* Begin PBXGroup section */
		CB2CA3BB28C9E54C0014627E = {
			isa = PBXGroup;
			children = (
				CB2CA3C628C9E54C0014627E /* FMSS Bilisim Ilk Odev */,
				CB2CA3C528C9E54C0014627E /* Products */,
			);
			sourceTree = "<group>";
		};
		CB2CA3C528C9E54C0014627E /* Products */ = {
			isa = PBXGroup;
			children = (
				CB2CA3C428C9E54C0014627E /* FMSS Bilisim Ilk Odev.app */,
			);
			name = Products;
			sourceTree = "<group>";
		};
		CB2CA3C628C9E54C0014627E /* FMSS Bilisim Ilk Odev */ = {
			isa = PBXGroup;
			children = (
				CB2CA3C728C9E54C0014627E /* AppDelegate.swift */,
				CB2CA3C928C9E54C0014627E /* SceneDelegate.swift */,
				CB2CA3CB28C9E54C0014627E /* ViewController.swift */,
				CB2CA3DB28C9E59C0014627E /* SecondViewController.swift */,
				CB2CA3CD28C9E54C0014627E /* Main.storyboard */,
				CB2CA3D028C9E54F0014627E /* Assets.xcassets */,
				CB2CA3D228C9E54F0014627E /* LaunchScreen.storyboard */,
				CB2CA3D528C9E54F0014627E /* Info.plist */,
			);
			path = "FMSS Bilisim Ilk Odev";
			sourceTree = "<group>";
		};
/* End PBXGroup section */

/* Begin PBXNativeTarget section */
		CB2CA3C328C9E54C0014627E /* FMSS Bilisim Ilk Odev */ = {
			isa = PBXNativeTarget;
			buildConfigurationList = CB2CA3D828C9E54F0014627E /* Build configuration list for PBXNativeTarget "FMSS Bilisim Ilk Odev" */;
			buildPhases = (
				CB2CA3C028C9E54C0014627E /* Sources */,
				CB2CA3C128C9E54C0014627E /* Frameworks */,
				CB2CA3C228C9E54C0014627E /* Resources */,
			);
			buildRules = (
			);
			dependencies = (
			);
			name = "FMSS Bilisim Ilk Odev";
			productName = "FMSS Bilisim Ilk Odev";
			productReference = CB2CA3C428C9E54C0014627E /* FMSS Bilisim Ilk Odev.app */;
			productType = "com.apple.product-type.application";
		};
/* End PBXNativeTarget section */

/* Begin PBXProject section */
		CB2CA3BC28C9E54C0014627E /* Project object */ = {
			isa = PBXProject;
			attributes = {
				BuildIndependentTargetsInParallel = 1;
				LastSwiftUpdateCheck = 1340;
				LastUpgradeCheck = 1340;
				TargetAttributes = {
					CB2CA3C328C9E54C0014627E = {
						CreatedOnToolsVersion = 13.4.1;
					};
				};
			};
			buildConfigurationList = CB2CA3BF28C9E54C0014627E /* Build configuration list for PBXProject "FMSS Bilisim Ilk Odev" */;
			compatibilityVersion = "Xcode 13.0";
			developmentRegion = en;
			hasScannedForEncodings = 0;
			knownRegions = (
				en,
				Base,
			);
			mainGroup = CB2CA3BB28C9E54C0014627E;
			productRefGroup = CB2CA3C528C9E54C0014627E /* Products */;
			projectDirPath = "";
			projectRoot = "";
			targets = (
				CB2CA3C328C9E54C0014627E /* FMSS Bilisim Ilk Odev */,
			);
		};
/* End PBXProject section */

/* Begin PBXResourcesBuildPhase section */
		CB2CA3C228C9E54C0014627E /* Resources */ = {
			isa = PBXResourcesBuildPhase;
			buildActionMask = 2147483647;
			files = (
				CB2CA3D428C9E54F0014627E /* LaunchScreen.storyboard in Resources */,
				CB2CA3D128C9E54F0014627E /* Assets.xcassets in Resources */,
				CB2CA3CF28C9E54C0014627E /* Main.storyboard in Resources */,
			);
			runOnlyForDeploymentPostprocessing = 0;
		};
/* End PBXResourcesBuildPhase section */

/* Begin PBXSourcesBuildPhase section */
		CB2CA3C028C9E54C0014627E /* Sources */ = {
			isa = PBXSourcesBuildPhase;
			buildActionMask = 2147483647;
			files = (
				CB2CA3DC28C9E59C0014627E /* SecondViewController.swift in Sources */,
				CB2CA3CC28C9E54C0014627E /* ViewController.swift in Sources */,
				CB2CA3C828C9E54C0014627E /* AppDelegate.swift in Sources */,
				CB2CA3CA28C9E54C0014627E /* SceneDelegate.swift in Sources */,
			);
			runOnlyForDeploymentPostprocessing = 0;
		};
/* End PBXSourcesBuildPhase section */

/* Begin PBXVariantGroup section */
		CB2CA3CD28C9E54C0014627E /* Main.storyboard */ = {
			isa = PBXVariantGroup;
			children = (
				CB2CA3CE28C9E54C0014627E /* Base */,
			);
			name = Main.storyboard;
			sourceTree = "<group>";
		};
		CB2CA3D228C9E54F0014627E /* LaunchScreen.storyboard */ = {
			isa = PBXVariantGroup;
			children = (
				CB2CA3D328C9E54F0014627E /* Base */,
			);
			name = LaunchScreen.storyboard;
			sourceTree = "<group>";
		};
/* End PBXVariantGroup section */

/* Begin XCBuildConfiguration section */
		CB2CA3D628C9E54F0014627E /* Debug */ = {
			isa = XCBuildConfiguration;
			buildSettings = {
				ALWAYS_SEARCH_USER_PATHS = NO;
				CLANG_ANALYZER_NONNULL = YES;
				CLANG_ANALYZER_NUMBER_OBJECT_CONVERSION = YES_AGGRESSIVE;
				CLANG_CXX_LANGUAGE_STANDARD = "gnu++17";
				CLANG_ENABLE_MODULES = YES;
				CLANG_ENABLE_OBJC_ARC = YES;
				CLANG_ENABLE_OBJC_WEAK = YES;
				CLANG_WARN_BLOCK_CAPTURE_AUTORELEASING = YES;
				CLANG_WARN_BOOL_CONVERSION = YES;
				CLANG_WARN_COMMA = YES;
				CLANG_WARN_CONSTANT_CONVERSION = YES;
				CLANG_WARN_DEPRECATED_OBJC_IMPLEMENTATIONS = YES;
				CLANG_WARN_DIRECT_OBJC_ISA_USAGE = YES_ERROR;
				CLANG_WARN_DOCUMENTATION_COMMENTS = YES;
				CLANG_WARN_EMPTY_BODY = YES;
				CLANG_WARN_ENUM_CONVERSION = YES;
				CLANG_WARN_INFINITE_RECURSION = YES;
				CLANG_WARN_INT_CONVERSION = YES;
				CLANG_WARN_NON_LITERAL_NULL_CONVERSION = YES;
				CLANG_WARN_OBJC_IMPLICIT_RETAIN_SELF = YES;
				CLANG_WARN_OBJC_LITERAL_CONVERSION = YES;
				CLANG_WARN_OBJC_ROOT_CLASS = YES_ERROR;
				CLANG_WARN_QUOTED_INCLUDE_IN_FRAMEWORK_HEADER = YES;
				CLANG_WARN_RANGE_LOOP_ANALYSIS = YES;
				CLANG_WARN_STRICT_PROTOTYPES = YES;
				CLANG_WARN_SUSPICIOUS_MOVE = YES;
				CLANG_WARN_UNGUARDED_AVAILABILITY = YES_AGGRESSIVE;
				CLANG_WARN_UNREACHABLE_CODE = YES;
				CLANG_WARN__DUPLICATE_METHOD_MATCH = YES;
				COPY_PHASE_STRIP = NO;
				DEBUG_INFORMATION_FORMAT = dwarf;
				ENABLE_STRICT_OBJC_MSGSEND = YES;
				ENABLE_TESTABILITY = YES;
				GCC_C_LANGUAGE_STANDARD = gnu11;
				GCC_DYNAMIC_NO_PIC = NO;
				GCC_NO_COMMON_BLOCKS = YES;
				GCC_OPTIMIZATION_LEVEL = 0;
				GCC_PREPROCESSOR_DEFINITIONS = (
					"DEBUG=1",
					"$(inherited)",
				);
				GCC_WARN_64_TO_32_BIT_CONVERSION = YES;
				GCC_WARN_ABOUT_RETURN_TYPE = YES_ERROR;
				GCC_WARN_UNDECLARED_SELECTOR = YES;
				GCC_WARN_UNINITIALIZED_AUTOS = YES_AGGRESSIVE;
				GCC_WARN_UNUSED_FUNCTION = YES;
				GCC_WARN_UNUSED_VARIABLE = YES;
				IPHONEOS_DEPLOYMENT_TARGET = 15.5;
				MTL_ENABLE_DEBUG_INFO = INCLUDE_SOURCE;
				MTL_FAST_MATH = YES;
				ONLY_ACTIVE_ARCH = YES;
				SDKROOT = iphoneos;
				SWIFT_ACTIVE_COMPILATION_CONDITIONS = DEBUG;
				SWIFT_OPTIMIZATION_LEVEL = "-Onone";
			};
			name = Debug;
		};
		CB2CA3D728C9E54F0014627E /* Release */ = {
			isa = XCBuildConfiguration;
			buildSettings = {
				ALWAYS_SEARCH_USER_PATHS = NO;
				CLANG_ANALYZER_NONNULL = YES;
				CLANG_ANALYZER_NUMBER_OBJECT_CONVERSION = YES_AGGRESSIVE;
				CLANG_CXX_LANGUAGE_STANDARD = "gnu++17";
				CLANG_ENABLE_MODULES = YES;
				CLANG_ENABLE_OBJC_ARC = YES;
				CLANG_ENABLE_OBJC_WEAK = YES;
				CLANG_WARN_BLOCK_CAPTURE_AUTORELEASING = YES;
				CLANG_WARN_BOOL_CONVERSION = YES;
				CLANG_WARN_COMMA = YES;
				CLANG_WARN_CONSTANT_CONVERSION = YES;
				CLANG_WARN_DEPRECATED_OBJC_IMPLEMENTATIONS = YES;
				CLANG_WARN_DIRECT_OBJC_ISA_USAGE = YES_ERROR;
				CLANG_WARN_DOCUMENTATION_COMMENTS = YES;
				CLANG_WARN_EMPTY_BODY = YES;
				CLANG_WARN_ENUM_CONVERSION = YES;
				CLANG_WARN_INFINITE_RECURSION = YES;
				CLANG_WARN_INT_CONVERSION = YES;
				CLANG_WARN_NON_LITERAL_NULL_CONVERSION = YES;
				CLANG_WARN_OBJC_IMPLICIT_RETAIN_SELF = YES;
				CLANG_WARN_OBJC_LITERAL_CONVERSION = YES;
				CLANG_WARN_OBJC_ROOT_CLASS = YES_ERROR;
				CLANG_WARN_QUOTED_INCLUDE_IN_FRAMEWORK_HEADER = YES;
				CLANG_WARN_RANGE_LOOP_ANALYSIS = YES;
				CLANG_WARN_STRICT_PROTOTYPES = YES;
				CLANG_WARN_SUSPICIOUS_MOVE = YES;
				CLANG_WARN_UNGUARDED_AVAILABILITY = YES_AGGRESSIVE;
				CLANG_WARN_UNREACHABLE_CODE = YES;
				CLANG_WARN__DUPLICATE_METHOD_MATCH = YES;
				COPY_PHASE_STRIP = NO;
				DEBUG_INFORMATION_FORMAT = "dwarf-with-dsym";
				ENABLE_NS_ASSERTIONS = NO;
				ENABLE_STRICT_OBJC_MSGSEND = YES;
				GCC_C_LANGUAGE_STANDARD = gnu11;
				GCC_NO_COMMON_BLOCKS = YES;
				GCC_WARN_64_TO_32_BIT_CONVERSION = YES;
				GCC_WARN_ABOUT_RETURN_TYPE = YES_ERROR;
				GCC_WARN_UNDECLARED_SELECTOR = YES;
				GCC_WARN_UNINITIALIZED_AUTOS = YES_AGGRESSIVE;
				GCC_WARN_UNUSED_FUNCTION = YES;
				GCC_WARN_UNUSED_VARIABLE = YES;
				IPHONEOS_DEPLOYMENT_TARGET = 15.5;
				MTL_ENABLE_DEBUG_INFO = NO;
				MTL_FAST_MATH = YES;
				SDKROOT = iphoneos;
				SWIFT_COMPILATION_MODE = wholemodule;
				SWIFT_OPTIMIZATION_LEVEL = "-O";
				VALIDATE_PRODUCT = YES;
			};
			name = Release;
		};
		CB2CA3D928C9E54F0014627E /* Debug */ = {
			isa = XCBuildConfiguration;
			buildSettings = {
				ASSETCATALOG_COMPILER_APPICON_NAME = AppIcon;
				ASSETCATALOG_COMPILER_GLOBAL_ACCENT_COLOR_NAME = AccentColor;
				CODE_SIGN_STYLE = Automatic;
				CURRENT_PROJECT_VERSION = 1;
				DEVELOPMENT_TEAM = TDJUZVCP82;
				GENERATE_INFOPLIST_FILE = YES;
				INFOPLIST_FILE = "FMSS Bilisim Ilk Odev/Info.plist";
				INFOPLIST_KEY_UIApplicationSupportsIndirectInputEvents = YES;
				INFOPLIST_KEY_UILaunchStoryboardName = LaunchScreen;
				INFOPLIST_KEY_UIMainStoryboardFile = Main;
				INFOPLIST_KEY_UISupportedInterfaceOrientations_iPad = "UIInterfaceOrientationPortrait UIInterfaceOrientationPortraitUpsideDown UIInterfaceOrientationLandscapeLeft UIInterfaceOrientationLandscapeRight";
				INFOPLIST_KEY_UISupportedInterfaceOrientations_iPhone = "UIInterfaceOrientationPortrait UIInterfaceOrientationLandscapeLeft UIInterfaceOrientationLandscapeRight";
				LD_RUNPATH_SEARCH_PATHS = (
					"$(inherited)",
					"@executable_path/Frameworks",
				);
				MARKETING_VERSION = 1.0;
				PRODUCT_BUNDLE_IDENTIFIER = "Hakan-isseven.FMSS-Bilisim-Ilk-Odev";
				PRODUCT_NAME = "$(TARGET_NAME)";
				SWIFT_EMIT_LOC_STRINGS = YES;
				SWIFT_VERSION = 5.0;
				TARGETED_DEVICE_FAMILY = "1,2";
			};
			name = Debug;
		};
		CB2CA3DA28C9E54F0014627E /* Release */ = {
			isa = XCBuildConfiguration;
			buildSettings = {
				ASSETCATALOG_COMPILER_APPICON_NAME = AppIcon;
				ASSETCATALOG_COMPILER_GLOBAL_ACCENT_COLOR_NAME = AccentColor;
				CODE_SIGN_STYLE = Automatic;
				CURRENT_PROJECT_VERSION = 1;
				DEVELOPMENT_TEAM = TDJUZVCP82;
				GENERATE_INFOPLIST_FILE = YES;
				INFOPLIST_FILE = "FMSS Bilisim Ilk Odev/Info.plist";
				INFOPLIST_KEY_UIApplicationSupportsIndirectInputEvents = YES;
				INFOPLIST_KEY_UILaunchStoryboardName = LaunchScreen;
				INFOPLIST_KEY_UIMainStoryboardFile = Main;
				INFOPLIST_KEY_UISupportedInterfaceOrientations_iPad = "UIInterfaceOrientationPortrait UIInterfaceOrientationPortraitUpsideDown UIInterfaceOrientationLandscapeLeft UIInterfaceOrientationLandscapeRight";
				INFOPLIST_KEY_UISupportedInterfaceOrientations_iPhone = "UIInterfaceOrientationPortrait UIInterfaceOrientationLandscapeLeft UIInterfaceOrientationLandscapeRight";
				LD_RUNPATH_SEARCH_PATHS = (
					"$(inherited)",
					"@executable_path/Frameworks",
				);
				MARKETING_VERSION = 1.0;
				PRODUCT_BUNDLE_IDENTIFIER = "Hakan-isseven.FMSS-Bilisim-Ilk-Odev";
				PRODUCT_NAME = "$(TARGET_NAME)";
				SWIFT_EMIT_LOC_STRINGS = YES;
				SWIFT_VERSION = 5.0;
				TARGETED_DEVICE_FAMILY = "1,2";
			};
			name = Release;
		};
/* End XCBuildConfiguration section */

/* Begin XCConfigurationList section */
		CB2CA3BF28C9E54C0014627E /* Build configuration list for PBXProject "FMSS Bilisim Ilk Odev" */ = {
			isa = XCConfigurationList;
			buildConfigurations = (
				CB2CA3D628C9E54F0014627E /* Debug */,
				CB2CA3D728C9E54F0014627E /* Release */,
			);
			defaultConfigurationIsVisible = 0;
			defaultConfigurationName = Release;
		};
		CB2CA3D828C9E54F0014627E /* Build configuration list for PBXNativeTarget "FMSS Bilisim Ilk Odev" */ = {
			isa = XCConfigurationList;
			buildConfigurations = (
				CB2CA3D928C9E54F0014627E /* Debug */,
				CB2CA3DA28C9E54F0014627E /* Release */,
			);
			defaultConfigurationIsVisible = 0;
			defaultConfigurationName = Release;
		};
/* End XCConfigurationList section */
	};
	rootObject = CB2CA3BC28C9E54C0014627E /* Project object */;
}
